# Resolved on Python 3.12 / Linux; use with pip install -c requirements.lock .[test]
# Constraints pin installed dependencies without installing test tools in production.
aiohappyeyeballs==2.7.1
aiohttp==3.14.3
aiosignal==1.4.0
alembic==1.16.5
annotated-doc==0.0.5
annotated-types==0.8.0
anyio==4.15.1
argon2-cffi-bindings==26.1.0
argon2-cffi==23.1.0
attrs==26.1.0
bitarray==3.11.0
certifi==2026.7.22
cffi==2.1.1
charset-normalizer==3.5.2
ckzg==2.1.8
click==8.5.0
coverage==7.16.2
cytoolz==1.1.0
distro==1.9.0
dnspython==2.8.0
email_validator==2.2.0
eth_abi==6.0.0
eth-account==0.14.0
eth-hash==0.8.0
eth-keyfile==0.10.0
eth-keys==0.8.0
eth-rlp==3.0.0
eth-typing==6.0.0
eth-utils==6.0.0
fastapi==0.142.2
frozenlist==1.8.0
greenlet==3.5.6
h11==0.16.0
hexbytes==2.0.0
httpcore==1.0.9
httptools==0.8.0
httpx==0.28.1
idna==3.20
iniconfig==2.3.0
jiter==0.17.0
Mako==1.4.3
MarkupSafe==3.0.4
multidict==6.9.1
openai==2.54.0
opentelemetry-api==1.45.0
packaging==26.3
parsimonious==0.10.0
pluggy==1.6.0
propcache==0.5.4
psycopg-binary==3.2.10
psycopg==3.2.10
pwdlib==0.2.1
py-ecc==8.0.0
pycparser==3.0
pycryptodome==3.23.0
pydantic_core==2.46.5
pydantic-settings==2.10.1
pydantic==2.13.5
Pygments==2.21.0
PyJWT==2.15.1
pytest-cov==6.2.1
pytest==9.1.1
python-dotenv==1.2.4
pyunormalize==18.0.0
PyYAML==6.0.3
regex==2026.9.29
requests==2.34.2
rlp==5.0.0
sniffio==1.3.1
SQLAlchemy==2.0.43
starlette==1.7.0
toolz==1.1.0
tqdm==4.70.1
typing_extensions==4.16.0
typing-inspection==0.4.4
urllib3==2.8.0
uvicorn==0.35.0
uvloop==0.23.0
watchfiles==1.3.0
web3==8.0.0
websockets==17.2
yarl==1.25.1
